version = 1
revision = 3
requires-python = ">=3.12"

[[package]]
name = "next-sekai"
version = "0.1.0"
source = { virtual = "." }
dependencies = [
    { name = "sonolus-py" },
]

[package.metadata]
requires-dist = [{ name = "sonolus-py", specifier = "~=0.10.6" }]

[[package]]
name = "sonolus-py"
version = "0.10.6"
source = { registry = "https://pypi.org/simple" }
sdist = { url = "https://files.pythonhosted.org/packages/af/5f/e1352a53ac627d680e36c293f05eeb553b8f6186595759a137bec5f53b1f/sonolus_py-0.10.6.tar.gz", hash = "sha256:2c0491e74455bb406e96395cfcf63fe0d86827d74a32b112ce9f36d7d99dbab4", size = 4575622, upload-time = "2025-10-17T16:21:29.705Z" }
wheels = [
    { url = "https://files.pythonhosted.org/packages/d9/f2/a181a481154f86fb1bd176932ff20d86f266f8dd33ea2f0799d093898258/sonolus_py-0.10.6-py3-none-any.whl", hash = "sha256:440453180bf2d07ba467e15717650652219e2b041cd39e753c28d1059f8b52a3", size = 176579, upload-time = "2025-10-17T16:21:28.356Z" },
]
